
Microsoft Visual Studio Solution File, Format Version 12.00
# Visual Studio 2013
VisualStudioVersion = 12.0.21005.1
MinimumVisualStudioVersion = 10.0.40219.1
Project("{FAE04EC0-301F-11D3-BF4B-00C04F79EFBC}") = "Shop.Data", "Shop.Data\Shop.Data.csproj", "{8C59CDE2-5C81-4A27-831B-2DF3DD5B2DFF}"
EndProject
Project("{FAE04EC0-301F-11D3-BF4B-00C04F79EFBC}") = "Shop.WebApi", "Shop.WebApi\Shop.WebApi.csproj", "{4115FEAA-78F0-4F3F-9333-F139C470F6BA}"
EndProject
Global
	GlobalSection(SolutionConfigurationPlatforms) = preSolution
		Debug|Any CPU = Debug|Any CPU
		Release|Any CPU = Release|Any CPU
	EndGlobalSection
	GlobalSection(ProjectConfigurationPlatforms) = postSolution
		{8C59CDE2-5C81-4A27-831B-2DF3DD5B2DFF}.Debug|Any CPU.ActiveCfg = Debug|Any CPU
		{8C59CDE2-5C81-4A27-831B-2DF3DD5B2DFF}.Debug|Any CPU.Build.0 = Debug|Any CPU
		{8C59CDE2-5C81-4A27-831B-2DF3DD5B2DFF}.Release|Any CPU.ActiveCfg = Release|Any CPU
		{8C59CDE2-5C81-4A27-831B-2DF3DD5B2DFF}.Release|Any CPU.Build.0 = Release|Any CPU
		{4115FEAA-78F0-4F3F-9333-F139C470F6BA}.Debug|Any CPU.ActiveCfg = Debug|Any CPU
		{4115FEAA-78F0-4F3F-9333-F139C470F6BA}.Debug|Any CPU.Build.0 = Debug|Any CPU
		{4115FEAA-78F0-4F3F-9333-F139C470F6BA}.Release|Any CPU.ActiveCfg = Release|Any CPU
		{4115FEAA-78F0-4F3F-9333-F139C470F6BA}.Release|Any CPU.Build.0 = Release|Any CPU
	EndGlobalSection
	GlobalSection(SolutionProperties) = preSolution
		HideSolutionNode = FALSE
	EndGlobalSection
EndGlobal
